
Microsoft Visual Studio Solution File, Format Version 12.00
# Visual Studio Version 17
VisualStudioVersion = 17.9.34607.119
MinimumVisualStudioVersion = 10.0.40219.1
Project("{FAE04EC0-301F-11D3-BF4B-00C04F79EFBC}") = "EWOD GUI - Reed Podoll", "EWOD GUI - Reed Podoll\EWOD GUI - Reed Podoll.csproj", "{482B5632-0885-4AEF-B727-D33746A5516C}"
EndProject
Global
	GlobalSection(SolutionConfigurationPlatforms) = preSolution
		Debug|Any CPU = Debug|Any CPU
		Release|Any CPU = Release|Any CPU
	EndGlobalSection
	GlobalSection(ProjectConfigurationPlatforms) = postSolution
		{482B5632-0885-4AEF-B727-D33746A5516C}.Debug|Any CPU.ActiveCfg = Debug|Any CPU
		{482B5632-0885-4AEF-B727-D33746A5516C}.Debug|Any CPU.Build.0 = Debug|Any CPU
		{482B5632-0885-4AEF-B727-D33746A5516C}.Release|Any CPU.ActiveCfg = Release|Any CPU
		{482B5632-0885-4AEF-B727-D33746A5516C}.Release|Any CPU.Build.0 = Release|Any CPU
	EndGlobalSection
	GlobalSection(SolutionProperties) = preSolution
		HideSolutionNode = FALSE
	EndGlobalSection
	GlobalSection(ExtensibilityGlobals) = postSolution
		SolutionGuid = {C2A5B3E1-F52D-4377-B2A4-B32536C642D9}
	EndGlobalSection
EndGlobal
